# Run ./gradlew --write-locks to regenerate this file
com.fasterxml.jackson.core:jackson-annotations:2.13.3 (3 constraints: 003798b6)
com.fasterxml.jackson.core:jackson-core:2.13.3 (6 constraints: 27851a08)
com.fasterxml.jackson.core:jackson-databind:2.13.3 (7 constraints: e0858bea)
com.fasterxml.jackson.dataformat:jackson-dataformat-cbor:2.13.3 (1 constraints: 3b053b3b)
com.fasterxml.jackson.datatype:jackson-datatype-guava:2.13.3 (1 constraints: 3b053b3b)
com.fasterxml.jackson.datatype:jackson-datatype-jdk8:2.13.3 (1 constraints: 3b053b3b)
com.fasterxml.jackson.datatype:jackson-datatype-jsr310:2.13.3 (1 constraints: 3b053b3b)
com.google.code.findbugs:jsr305:3.0.2 (1 constraints: 0705fc35)
com.google.errorprone:error_prone_annotations:2.11.0 (4 constraints: 433f415f)
com.google.guava:guava:21.0 (1 constraints: 3e1622de)
com.palantir.safe-logging:logger:3.0.0 (2 constraints: d6122136)
com.palantir.safe-logging:logger-slf4j:3.0.0 (1 constraints: fe0d5342)
com.palantir.safe-logging:logger-spi:3.0.0 (2 constraints: 0b1e2f7a)
com.palantir.safe-logging:preconditions:3.0.0 (3 constraints: fd265bda)
com.palantir.safe-logging:safe-logging:3.0.0 (5 constraints: 9d471000)
com.palantir.tokens:auth-tokens:3.15.0 (1 constraints: 3b05443b)
net.bytebuddy:byte-buddy:1.12.10 (2 constraints: e9163f66)
net.bytebuddy:byte-buddy-agent:1.12.10 (1 constraints: 6f0ba8e9)
org.assertj:assertj-core:3.23.1 (2 constraints: 9819aede)
org.immutables:value:2.8.8 (1 constraints: 14051536)
org.mockito:mockito-core:4.6.1 (1 constraints: 0d051236)
org.objenesis:objenesis:3.2 (1 constraints: b10a13bd)
org.slf4j:slf4j-api:1.7.36 (2 constraints: 561e8a97)

[Test dependencies]
com.fasterxml.jackson.dataformat:jackson-dataformat-yaml:2.13.3 (1 constraints: 3b053b3b)
com.palantir.safe-logging:preconditions-assertj:3.0.0 (1 constraints: 0505fa35)
org.apache.commons:commons-lang3:3.12.0 (1 constraints: 38053b3b)
org.apiguardian:apiguardian-api:1.1.2 (5 constraints: 105480ac)
org.junit.jupiter:junit-jupiter:5.9.0 (1 constraints: 10051f36)
org.junit.jupiter:junit-jupiter-api:5.9.0 (3 constraints: 732feddc)
org.junit.jupiter:junit-jupiter-engine:5.9.0 (1 constraints: 0b0ee03b)
org.junit.jupiter:junit-jupiter-params:5.9.0 (1 constraints: 0b0ee03b)
org.junit.platform:junit-platform-commons:1.9.0 (2 constraints: db20dc4a)
org.junit.platform:junit-platform-engine:1.9.0 (1 constraints: aa1028b4)
org.opentest4j:opentest4j:1.2.0 (2 constraints: cd205b49)
org.yaml:snakeyaml:1.30 (1 constraints: 6c17f527)
