# Run ./gradlew --write-locks to regenerate this file
com.fasterxml.jackson.core:jackson-annotations:2.15.2 (3 constraints: 023736b7)
com.fasterxml.jackson.core:jackson-core:2.15.2 (6 constraints: 2d85f30b)
com.fasterxml.jackson.core:jackson-databind:2.15.2 (7 constraints: e6855cef)
com.fasterxml.jackson.dataformat:jackson-dataformat-cbor:2.15.2 (1 constraints: 3c05403b)
com.fasterxml.jackson.datatype:jackson-datatype-guava:2.15.2 (1 constraints: 3c05403b)
com.fasterxml.jackson.datatype:jackson-datatype-jdk8:2.15.2 (1 constraints: 3c05403b)
com.fasterxml.jackson.datatype:jackson-datatype-jsr310:2.15.2 (1 constraints: 3c05403b)
com.google.code.findbugs:jsr305:3.0.2 (2 constraints: 250fb786)
com.google.errorprone:error_prone_annotations:2.18.0 (5 constraints: 76497067)
com.google.guava:guava:23.6.1-jre (1 constraints: 13182569)
com.google.j2objc:j2objc-annotations:1.1 (1 constraints: b609eba0)
com.palantir.safe-logging:logger:3.6.0 (2 constraints: e0122f37)
com.palantir.safe-logging:logger-slf4j:3.6.0 (1 constraints: 040e6542)
com.palantir.safe-logging:logger-spi:3.6.0 (2 constraints: 171e6d7b)
com.palantir.safe-logging:preconditions:3.6.0 (3 constraints: 0d27bbdd)
com.palantir.safe-logging:safe-logging:3.6.0 (5 constraints: bb471c0c)
com.palantir.tokens:auth-tokens:3.18.0 (1 constraints: 3e054d3b)
net.bytebuddy:byte-buddy:1.14.5 (2 constraints: c116a74f)
net.bytebuddy:byte-buddy-agent:1.14.5 (1 constraints: 450b43de)
org.assertj:assertj-core:3.24.2 (2 constraints: 9c1928df)
org.checkerframework:checker-compat-qual:2.0.0 (1 constraints: 140ae5b4)
org.codehaus.mojo:animal-sniffer-annotations:1.14 (1 constraints: ea09d5aa)
org.immutables:value:2.9.3 (1 constraints: 10051336)
org.jetbrains:annotations:24.0.1 (1 constraints: 331164d1)
org.mockito:mockito-core:5.4.0 (1 constraints: 0b051036)
org.objenesis:objenesis:3.3 (1 constraints: b20a14bd)
org.slf4j:slf4j-api:1.7.36 (2 constraints: 561e8a97)

[Test dependencies]
com.fasterxml.jackson.dataformat:jackson-dataformat-yaml:2.15.2 (1 constraints: 3c05403b)
com.palantir.safe-logging:preconditions-assertj:3.6.0 (1 constraints: 0b050c36)
org.apache.commons:commons-lang3:3.12.0 (1 constraints: 38053b3b)
org.apiguardian:apiguardian-api:1.1.2 (5 constraints: 105480ac)
org.junit.jupiter:junit-jupiter:5.9.3 (1 constraints: 13052236)
org.junit.jupiter:junit-jupiter-api:5.9.3 (3 constraints: 7c2f9dde)
org.junit.jupiter:junit-jupiter-engine:5.9.3 (1 constraints: 0e0ee33b)
org.junit.jupiter:junit-jupiter-params:5.9.3 (1 constraints: 0e0ee33b)
org.junit.platform:junit-platform-commons:1.9.3 (2 constraints: e120754b)
org.junit.platform:junit-platform-engine:1.9.3 (1 constraints: ad102bb4)
org.opentest4j:opentest4j:1.2.0 (2 constraints: cd205b49)
org.yaml:snakeyaml:2.0 (1 constraints: 3a178910)
