# Run ./gradlew --write-locks to regenerate this file
com.fasterxml.jackson:jackson-bom:2.12.3 (8 constraints: 18aa4413)
com.fasterxml.jackson.core:jackson-annotations:2.12.3 (4 constraints: b3452532)
com.fasterxml.jackson.core:jackson-core:2.12.3 (8 constraints: 58abd2b4)
com.fasterxml.jackson.core:jackson-databind:2.12.3 (9 constraints: 0fac1629)
com.fasterxml.jackson.dataformat:jackson-dataformat-cbor:2.12.3 (2 constraints: f1137d82)
com.fasterxml.jackson.datatype:jackson-datatype-guava:2.12.3 (2 constraints: f1137d82)
com.fasterxml.jackson.datatype:jackson-datatype-jdk8:2.12.3 (2 constraints: f1137d82)
com.fasterxml.jackson.datatype:jackson-datatype-jsr310:2.12.3 (2 constraints: f1137d82)
com.fasterxml.jackson.module:jackson-module-afterburner:2.12.3 (2 constraints: f1137d82)
com.google.code.findbugs:jsr305:3.0.2 (1 constraints: 0705fc35)
com.google.errorprone:error_prone_annotations:2.5.1 (4 constraints: 933e1795)
com.google.guava:guava:21.0 (1 constraints: 3e1622de)
com.palantir.safe-logging:logger:1.20.0 (1 constraints: 35052d3b)
com.palantir.safe-logging:logger-slf4j:1.20.0 (1 constraints: 2e0e7f50)
com.palantir.safe-logging:logger-spi:1.20.0 (2 constraints: 6b1e94af)
com.palantir.safe-logging:preconditions:1.20.0 (3 constraints: 9227403a)
com.palantir.safe-logging:safe-logging:1.20.0 (5 constraints: 8d480716)
com.palantir.tokens:auth-tokens:3.10.0 (1 constraints: 3605353b)
net.bytebuddy:byte-buddy:1.12.1 (1 constraints: 3f0b39de)
net.bytebuddy:byte-buddy-agent:1.12.1 (1 constraints: 3f0b39de)
org.assertj:assertj-core:3.21.0 (2 constraints: 9219f5dd)
org.immutables:value:2.8.8 (1 constraints: 14051536)
org.mockito:mockito-core:4.1.0 (1 constraints: 07050236)
org.objenesis:objenesis:3.2 (1 constraints: b10a13bd)
org.slf4j:slf4j-api:1.7.31 (2 constraints: 511e8597)

[Test dependencies]
com.fasterxml.jackson.dataformat:jackson-dataformat-yaml:2.12.3 (2 constraints: f1137d82)
com.palantir.safe-logging:preconditions-assertj:1.20.0 (1 constraints: 35052d3b)
org.apache.commons:commons-lang3:3.12.0 (1 constraints: 38053b3b)
org.junit:junit-bom:5.8.2 (6 constraints: 52620bff)
org.junit.jupiter:junit-jupiter:5.8.2 (2 constraints: 260e7a59)
org.junit.jupiter:junit-jupiter-api:5.8.2 (4 constraints: 8b385c34)
org.junit.jupiter:junit-jupiter-engine:5.8.2 (2 constraints: 2117d23c)
org.junit.jupiter:junit-jupiter-params:5.8.2 (2 constraints: 2117d23c)
org.junit.platform:junit-platform-commons:1.8.2 (3 constraints: ee29ed2b)
org.junit.platform:junit-platform-engine:1.8.2 (2 constraints: bc19ddf3)
org.opentest4j:opentest4j:1.2.0 (2 constraints: cd205b49)
org.yaml:snakeyaml:1.27 (1 constraints: 7217fa27)
