{
    "compileClasspath": {
        "com.fasterxml.jackson.core:jackson-annotations": {
            "locked": "2.9.7",
            "transitive": [
                "com.fasterxml.jackson.core:jackson-databind"
            ]
        },
        "com.fasterxml.jackson.core:jackson-core": {
            "locked": "2.9.7",
            "transitive": [
                "com.fasterxml.jackson.core:jackson-databind"
            ]
        },
        "com.fasterxml.jackson.core:jackson-databind": {
            "locked": "2.9.7"
        },
        "com.google.code.findbugs:jsr305": {
            "locked": "3.0.2"
        },
        "com.google.errorprone:error_prone_annotations": {
            "locked": "2.3.1",
            "transitive": [
                "com.palantir.safe-logging:preconditions"
            ]
        },
        "com.palantir.safe-logging:preconditions": {
            "locked": "1.5.1"
        },
        "com.palantir.safe-logging:safe-logging": {
            "locked": "1.5.1",
            "transitive": [
                "com.palantir.safe-logging:preconditions"
            ]
        },
        "org.immutables:value": {
            "locked": "2.7.1"
        }
    },
    "runtime": {
        "com.fasterxml.jackson.core:jackson-annotations": {
            "locked": "2.9.7",
            "transitive": [
                "com.fasterxml.jackson.core:jackson-databind"
            ]
        },
        "com.fasterxml.jackson.core:jackson-core": {
            "locked": "2.9.7",
            "transitive": [
                "com.fasterxml.jackson.core:jackson-databind"
            ]
        },
        "com.fasterxml.jackson.core:jackson-databind": {
            "locked": "2.9.7"
        },
        "com.google.code.findbugs:jsr305": {
            "locked": "3.0.2"
        },
        "com.palantir.safe-logging:safe-logging": {
            "locked": "1.5.1"
        }
    }
}