{
    "compileClasspath": {
        "com.fasterxml.jackson.core:jackson-annotations": {
            "locked": "2.6.7",
            "transitive": [
                "com.fasterxml.jackson.core:jackson-databind"
            ]
        },
        "com.fasterxml.jackson.core:jackson-core": {
            "locked": "2.6.7",
            "transitive": [
                "com.fasterxml.jackson.core:jackson-databind",
                "com.fasterxml.jackson.datatype:jackson-datatype-jdk8"
            ]
        },
        "com.fasterxml.jackson.core:jackson-databind": {
            "locked": "2.6.7",
            "transitive": [
                "com.fasterxml.jackson.datatype:jackson-datatype-jdk8",
                "com.palantir.remoting-api:ssl-config",
                "com.palantir.tokens:auth-tokens"
            ]
        },
        "com.fasterxml.jackson.datatype:jackson-datatype-jdk8": {
            "locked": "2.6.7",
            "transitive": [
                "com.palantir.tokens:auth-tokens"
            ]
        },
        "com.palantir.remoting-api:ssl-config": {
            "project": true
        },
        "com.palantir.tokens:auth-tokens": {
            "locked": "3.0.0"
        },
        "org.slf4j:slf4j-api": {
            "locked": "1.7.25",
            "transitive": [
                "com.palantir.tokens:auth-tokens"
            ]
        }
    },
    "runtime": {
        "com.fasterxml.jackson.core:jackson-annotations": {
            "locked": "2.6.7",
            "transitive": [
                "com.fasterxml.jackson.core:jackson-databind"
            ]
        },
        "com.fasterxml.jackson.core:jackson-core": {
            "locked": "2.6.7",
            "transitive": [
                "com.fasterxml.jackson.core:jackson-databind",
                "com.fasterxml.jackson.datatype:jackson-datatype-jdk8"
            ]
        },
        "com.fasterxml.jackson.core:jackson-databind": {
            "locked": "2.6.7",
            "transitive": [
                "com.fasterxml.jackson.datatype:jackson-datatype-jdk8",
                "com.palantir.remoting-api:ssl-config",
                "com.palantir.tokens:auth-tokens"
            ]
        },
        "com.fasterxml.jackson.datatype:jackson-datatype-jdk8": {
            "locked": "2.6.7",
            "transitive": [
                "com.palantir.tokens:auth-tokens"
            ]
        },
        "com.palantir.remoting-api:ssl-config": {
            "project": true
        },
        "com.palantir.tokens:auth-tokens": {
            "locked": "3.0.0"
        },
        "org.slf4j:slf4j-api": {
            "locked": "1.7.25",
            "transitive": [
                "com.palantir.tokens:auth-tokens"
            ]
        }
    }
}